{
  "name": "command-line-pong",
  "version": "1.4.1",
  "lockfileVersion": 2,
  "requires": true,
  "packages": {
    "": {
      "name": "command-line-pong",
      "version": "1.4.1",
      "license": "MIT",
      "dependencies": {
        "command-line-draw": "^1.2.3"
      },
      "bin": {
        "pong": "bin/index.js"
      },
      "engines": {
        "node": ">=12.0.0"
      }
    },
    "node_modules/command-line-draw": {
      "version": "1.2.3",
      "resolved": "https://registry.npmjs.org/command-line-draw/-/command-line-draw-1.2.3.tgz",
      "integrity": "sha512-n7vk2+qLt6P6yZ/zYDJ4O1RQipV1d/u3qYBxXPN/HqTpszgq8ChaSolryPTRYgZoVcr16Yfb6YdXWru0t3t+RQ==",
      "engines": {
        "node": ">=12.0.0"
      }
    }
  },
  "dependencies": {
    "command-line-draw": {
      "version": "1.2.3",
      "resolved": "https://registry.npmjs.org/command-line-draw/-/command-line-draw-1.2.3.tgz",
      "integrity": "sha512-n7vk2+qLt6P6yZ/zYDJ4O1RQipV1d/u3qYBxXPN/HqTpszgq8ChaSolryPTRYgZoVcr16Yfb6YdXWru0t3t+RQ=="
    }
  }
}
